
Microsoft Visual Studio Solution File, Format Version 12.00
# Visual Studio Version 17
VisualStudioVersion = 17.13.35919.96 d17.13
MinimumVisualStudioVersion = 10.0.40219.1
Project("{FAE04EC0-301F-11D3-BF4B-00C04F79EFBC}") = "GetWeatherApp", "GetWeatherApp\GetWeatherApp.csproj", "{DBC2D97E-1DAD-4176-B10C-F4332FC6CC8A}"
EndProject
Global
	GlobalSection(SolutionConfigurationPlatforms) = preSolution
		Debug|Any CPU = Debug|Any CPU
		Release|Any CPU = Release|Any CPU
	EndGlobalSection
	GlobalSection(ProjectConfigurationPlatforms) = postSolution
		{DBC2D97E-1DAD-4176-B10C-F4332FC6CC8A}.Debug|Any CPU.ActiveCfg = Debug|Any CPU
		{DBC2D97E-1DAD-4176-B10C-F4332FC6CC8A}.Debug|Any CPU.Build.0 = Debug|Any CPU
		{DBC2D97E-1DAD-4176-B10C-F4332FC6CC8A}.Release|Any CPU.ActiveCfg = Release|Any CPU
		{DBC2D97E-1DAD-4176-B10C-F4332FC6CC8A}.Release|Any CPU.Build.0 = Release|Any CPU
	EndGlobalSection
	GlobalSection(SolutionProperties) = preSolution
		HideSolutionNode = FALSE
	EndGlobalSection
	GlobalSection(ExtensibilityGlobals) = postSolution
		SolutionGuid = {352FCBBE-951E-4214-9180-81F1D65B1895}
	EndGlobalSection
EndGlobal
